Microsoft Visual Studio Solution File, Format Version 12.00
# Visual Studio 14
VisualStudioVersion = 14.0.24720.0
MinimumVisualStudioVersion = 10.0.40219.1
Project("{8BC9CEB8-8B4A-11D0-8D11-00A0C91BC942}") = "libleveldb", "leveldb\leveldb.vcxproj", "{002CC16A-B4EF-4737-B751-DAD3A8D14133}"
EndProject
Project("{8BC9CEB8-8B4A-11D0-8D11-00A0C91BC942}") = "libcommon", "libcommon\libcommon.vcxproj", "{BC16742F-56FC-4F82-949E-33FDEF11FFCF}"
EndProject
Project("{8BC9CEB8-8B4A-11D0-8D11-00A0C91BC942}") = "silkd", "silkd\silkd.vcxproj", "{40C9EB91-BCD2-48BE-9AB9-03183115F76D}"
	ProjectSection(ProjectDependencies) = postProject
		{B9620048-E7FB-43E0-9C5D-17FC628DA7D6} = {B9620048-E7FB-43E0-9C5D-17FC628DA7D6}
		{79219B81-0975-429D-A803-33137ED118AE} = {79219B81-0975-429D-A803-33137ED118AE}
	EndProjectSection
EndProject
Project("{8BC9CEB8-8B4A-11D0-8D11-00A0C91BC942}") = "silk-qt", "silk-qt\silk-qt.vcxproj", "{0C353431-5655-4E5C-A64E-AFBC333CF187}"
	ProjectSection(ProjectDependencies) = postProject
		{B9620048-E7FB-43E0-9C5D-17FC628DA7D6} = {B9620048-E7FB-43E0-9C5D-17FC628DA7D6}
		{79219B81-0975-429D-A803-33137ED118AE} = {79219B81-0975-429D-A803-33137ED118AE}
	EndProjectSection
EndProject
Project("{8BC9CEB8-8B4A-11D0-8D11-00A0C91BC942}") = "univalue", "univalue\univalue.vcxproj", "{B9620048-E7FB-43E0-9C5D-17FC628DA7D6}"
EndProject
Project("{8BC9CEB8-8B4A-11D0-8D11-00A0C91BC942}") = "secp256k1", "secp256k1\secp256k1.vcxproj", "{79219B81-0975-429D-A803-33137ED118AE}"
EndProject
Project("{8BC9CEB8-8B4A-11D0-8D11-00A0C91BC942}") = "silk-cli", "silk-cli\silk-cli.vcxproj", "{A26C844A-D59D-47E4-9B9B-0CD09AB2BB9C}"
	ProjectSection(ProjectDependencies) = postProject
		{BC16742F-56FC-4F82-949E-33FDEF11FFCF} = {BC16742F-56FC-4F82-949E-33FDEF11FFCF}
		{B9620048-E7FB-43E0-9C5D-17FC628DA7D6} = {B9620048-E7FB-43E0-9C5D-17FC628DA7D6}
		{002CC16A-B4EF-4737-B751-DAD3A8D14133} = {002CC16A-B4EF-4737-B751-DAD3A8D14133}
		{79219B81-0975-429D-A803-33137ED118AE} = {79219B81-0975-429D-A803-33137ED118AE}
	EndProjectSection
EndProject
Project("{8BC9CEB8-8B4A-11D0-8D11-00A0C91BC942}") = "silk-tx", "silk-tx\silk-tx.vcxproj", "{54AC64D9-B034-4108-B033-5007AB3CAD61}"
EndProject
Global
	GlobalSection(SolutionConfigurationPlatforms) = preSolution
		Debug|Win32 = Debug|Win32
		Debug|x64 = Debug|x64
		Debug|x86 = Debug|x86
		Release|Win32 = Release|Win32
		Release|x64 = Release|x64
		Release|x86 = Release|x86
	EndGlobalSection
	GlobalSection(ProjectConfigurationPlatforms) = postSolution
		{002CC16A-B4EF-4737-B751-DAD3A8D14133}.Debug|Win32.ActiveCfg = Debug|Win32
		{002CC16A-B4EF-4737-B751-DAD3A8D14133}.Debug|Win32.Build.0 = Debug|Win32
		{002CC16A-B4EF-4737-B751-DAD3A8D14133}.Debug|x64.ActiveCfg = Debug|x64
		{002CC16A-B4EF-4737-B751-DAD3A8D14133}.Debug|x64.Build.0 = Debug|x64
		{002CC16A-B4EF-4737-B751-DAD3A8D14133}.Debug|x86.ActiveCfg = Debug|Win32
		{002CC16A-B4EF-4737-B751-DAD3A8D14133}.Debug|x86.Build.0 = Debug|Win32
		{002CC16A-B4EF-4737-B751-DAD3A8D14133}.Release|Win32.ActiveCfg = Release|Win32
		{002CC16A-B4EF-4737-B751-DAD3A8D14133}.Release|Win32.Build.0 = Release|Win32
		{002CC16A-B4EF-4737-B751-DAD3A8D14133}.Release|x64.ActiveCfg = Release|x64
		{002CC16A-B4EF-4737-B751-DAD3A8D14133}.Release|x64.Build.0 = Release|x64
		{002CC16A-B4EF-4737-B751-DAD3A8D14133}.Release|x86.ActiveCfg = Release|Win32
		{002CC16A-B4EF-4737-B751-DAD3A8D14133}.Release|x86.Build.0 = Release|Win32
		{BC16742F-56FC-4F82-949E-33FDEF11FFCF}.Debug|Win32.ActiveCfg = Debug|Win32
		{BC16742F-56FC-4F82-949E-33FDEF11FFCF}.Debug|Win32.Build.0 = Debug|Win32
		{BC16742F-56FC-4F82-949E-33FDEF11FFCF}.Debug|x64.ActiveCfg = Debug|x64
		{BC16742F-56FC-4F82-949E-33FDEF11FFCF}.Debug|x64.Build.0 = Debug|x64
		{BC16742F-56FC-4F82-949E-33FDEF11FFCF}.Debug|x86.ActiveCfg = Debug|Win32
		{BC16742F-56FC-4F82-949E-33FDEF11FFCF}.Debug|x86.Build.0 = Debug|Win32
		{BC16742F-56FC-4F82-949E-33FDEF11FFCF}.Release|Win32.ActiveCfg = Release|Win32
		{BC16742F-56FC-4F82-949E-33FDEF11FFCF}.Release|Win32.Build.0 = Release|Win32
		{BC16742F-56FC-4F82-949E-33FDEF11FFCF}.Release|x64.ActiveCfg = Release|x64
		{BC16742F-56FC-4F82-949E-33FDEF11FFCF}.Release|x64.Build.0 = Release|x64
		{BC16742F-56FC-4F82-949E-33FDEF11FFCF}.Release|x86.ActiveCfg = Release|Win32
		{BC16742F-56FC-4F82-949E-33FDEF11FFCF}.Release|x86.Build.0 = Release|Win32
		{40C9EB91-BCD2-48BE-9AB9-03183115F76D}.Debug|Win32.ActiveCfg = Debug|Win32
		{40C9EB91-BCD2-48BE-9AB9-03183115F76D}.Debug|Win32.Build.0 = Debug|Win32
		{40C9EB91-BCD2-48BE-9AB9-03183115F76D}.Debug|x64.ActiveCfg = Debug|x64
		{40C9EB91-BCD2-48BE-9AB9-03183115F76D}.Debug|x64.Build.0 = Debug|x64
		{40C9EB91-BCD2-48BE-9AB9-03183115F76D}.Debug|x86.ActiveCfg = Debug|Win32
		{40C9EB91-BCD2-48BE-9AB9-03183115F76D}.Debug|x86.Build.0 = Debug|Win32
		{40C9EB91-BCD2-48BE-9AB9-03183115F76D}.Release|Win32.ActiveCfg = Release|Win32
		{40C9EB91-BCD2-48BE-9AB9-03183115F76D}.Release|Win32.Build.0 = Release|Win32
		{40C9EB91-BCD2-48BE-9AB9-03183115F76D}.Release|x64.ActiveCfg = Release|x64
		{40C9EB91-BCD2-48BE-9AB9-03183115F76D}.Release|x64.Build.0 = Release|x64
		{40C9EB91-BCD2-48BE-9AB9-03183115F76D}.Release|x86.ActiveCfg = Release|Win32
		{40C9EB91-BCD2-48BE-9AB9-03183115F76D}.Release|x86.Build.0 = Release|Win32
		{0C353431-5655-4E5C-A64E-AFBC333CF187}.Debug|Win32.ActiveCfg = Debug|Win32
		{0C353431-5655-4E5C-A64E-AFBC333CF187}.Debug|Win32.Build.0 = Debug|Win32
		{0C353431-5655-4E5C-A64E-AFBC333CF187}.Debug|x64.ActiveCfg = Debug|x64
		{0C353431-5655-4E5C-A64E-AFBC333CF187}.Debug|x64.Build.0 = Debug|x64
		{0C353431-5655-4E5C-A64E-AFBC333CF187}.Debug|x86.ActiveCfg = Debug|Win32
		{0C353431-5655-4E5C-A64E-AFBC333CF187}.Debug|x86.Build.0 = Debug|Win32
		{0C353431-5655-4E5C-A64E-AFBC333CF187}.Release|Win32.ActiveCfg = Release|Win32
		{0C353431-5655-4E5C-A64E-AFBC333CF187}.Release|Win32.Build.0 = Release|Win32
		{0C353431-5655-4E5C-A64E-AFBC333CF187}.Release|x64.ActiveCfg = Release|x64
		{0C353431-5655-4E5C-A64E-AFBC333CF187}.Release|x64.Build.0 = Release|x64
		{0C353431-5655-4E5C-A64E-AFBC333CF187}.Release|x86.ActiveCfg = Release|Win32
		{0C353431-5655-4E5C-A64E-AFBC333CF187}.Release|x86.Build.0 = Release|Win32
		{B9620048-E7FB-43E0-9C5D-17FC628DA7D6}.Debug|Win32.ActiveCfg = Debug|Win32
		{B9620048-E7FB-43E0-9C5D-17FC628DA7D6}.Debug|Win32.Build.0 = Debug|Win32
		{B9620048-E7FB-43E0-9C5D-17FC628DA7D6}.Debug|x64.ActiveCfg = Debug|x64
		{B9620048-E7FB-43E0-9C5D-17FC628DA7D6}.Debug|x64.Build.0 = Debug|x64
		{B9620048-E7FB-43E0-9C5D-17FC628DA7D6}.Debug|x86.ActiveCfg = Debug|Win32
		{B9620048-E7FB-43E0-9C5D-17FC628DA7D6}.Debug|x86.Build.0 = Debug|Win32
		{B9620048-E7FB-43E0-9C5D-17FC628DA7D6}.Release|Win32.ActiveCfg = Release|Win32
		{B9620048-E7FB-43E0-9C5D-17FC628DA7D6}.Release|Win32.Build.0 = Release|Win32
		{B9620048-E7FB-43E0-9C5D-17FC628DA7D6}.Release|x64.ActiveCfg = Release|x64
		{B9620048-E7FB-43E0-9C5D-17FC628DA7D6}.Release|x64.Build.0 = Release|x64
		{B9620048-E7FB-43E0-9C5D-17FC628DA7D6}.Release|x86.ActiveCfg = Release|Win32
		{B9620048-E7FB-43E0-9C5D-17FC628DA7D6}.Release|x86.Build.0 = Release|Win32
		{79219B81-0975-429D-A803-33137ED118AE}.Debug|Win32.ActiveCfg = Debug|Win32
		{79219B81-0975-429D-A803-33137ED118AE}.Debug|Win32.Build.0 = Debug|Win32
		{79219B81-0975-429D-A803-33137ED118AE}.Debug|x64.ActiveCfg = Debug|x64
		{79219B81-0975-429D-A803-33137ED118AE}.Debug|x64.Build.0 = Debug|x64
		{79219B81-0975-429D-A803-33137ED118AE}.Debug|x86.ActiveCfg = Debug|Win32
		{79219B81-0975-429D-A803-33137ED118AE}.Debug|x86.Build.0 = Debug|Win32
		{79219B81-0975-429D-A803-33137ED118AE}.Release|Win32.ActiveCfg = Release|Win32
		{79219B81-0975-429D-A803-33137ED118AE}.Release|Win32.Build.0 = Release|Win32
		{79219B81-0975-429D-A803-33137ED118AE}.Release|x64.ActiveCfg = Release|x64
		{79219B81-0975-429D-A803-33137ED118AE}.Release|x64.Build.0 = Release|x64
		{79219B81-0975-429D-A803-33137ED118AE}.Release|x86.ActiveCfg = Release|Win32
		{79219B81-0975-429D-A803-33137ED118AE}.Release|x86.Build.0 = Release|Win32
		{A26C844A-D59D-47E4-9B9B-0CD09AB2BB9C}.Debug|Win32.ActiveCfg = Debug|Win32
		{A26C844A-D59D-47E4-9B9B-0CD09AB2BB9C}.Debug|Win32.Build.0 = Debug|Win32
		{A26C844A-D59D-47E4-9B9B-0CD09AB2BB9C}.Debug|x64.ActiveCfg = Debug|x64
		{A26C844A-D59D-47E4-9B9B-0CD09AB2BB9C}.Debug|x64.Build.0 = Debug|x64
		{A26C844A-D59D-47E4-9B9B-0CD09AB2BB9C}.Debug|x86.ActiveCfg = Debug|Win32
		{A26C844A-D59D-47E4-9B9B-0CD09AB2BB9C}.Debug|x86.Build.0 = Debug|Win32
		{A26C844A-D59D-47E4-9B9B-0CD09AB2BB9C}.Release|Win32.ActiveCfg = Release|Win32
		{A26C844A-D59D-47E4-9B9B-0CD09AB2BB9C}.Release|Win32.Build.0 = Release|Win32
		{A26C844A-D59D-47E4-9B9B-0CD09AB2BB9C}.Release|x64.ActiveCfg = Release|x64
		{A26C844A-D59D-47E4-9B9B-0CD09AB2BB9C}.Release|x64.Build.0 = Release|x64
		{A26C844A-D59D-47E4-9B9B-0CD09AB2BB9C}.Release|x86.ActiveCfg = Release|Win32
		{A26C844A-D59D-47E4-9B9B-0CD09AB2BB9C}.Release|x86.Build.0 = Release|Win32
		{54AC64D9-B034-4108-B033-5007AB3CAD61}.Debug|Win32.ActiveCfg = Debug|Win32
		{54AC64D9-B034-4108-B033-5007AB3CAD61}.Debug|Win32.Build.0 = Debug|Win32
		{54AC64D9-B034-4108-B033-5007AB3CAD61}.Debug|x64.ActiveCfg = Debug|x64
		{54AC64D9-B034-4108-B033-5007AB3CAD61}.Debug|x64.Build.0 = Debug|x64
		{54AC64D9-B034-4108-B033-5007AB3CAD61}.Debug|x86.ActiveCfg = Debug|Win32
		{54AC64D9-B034-4108-B033-5007AB3CAD61}.Debug|x86.Build.0 = Debug|Win32
		{54AC64D9-B034-4108-B033-5007AB3CAD61}.Release|Win32.ActiveCfg = Release|Win32
		{54AC64D9-B034-4108-B033-5007AB3CAD61}.Release|Win32.Build.0 = Release|Win32
		{54AC64D9-B034-4108-B033-5007AB3CAD61}.Release|x64.ActiveCfg = Release|x64
		{54AC64D9-B034-4108-B033-5007AB3CAD61}.Release|x64.Build.0 = Release|x64
		{54AC64D9-B034-4108-B033-5007AB3CAD61}.Release|x86.ActiveCfg = Release|Win32
		{54AC64D9-B034-4108-B033-5007AB3CAD61}.Release|x86.Build.0 = Release|Win32
	EndGlobalSection
	GlobalSection(SolutionProperties) = preSolution
		HideSolutionNode = FALSE
	EndGlobalSection
EndGlobal
